
Microsoft Visual Studio Solution File, Format Version 12.00
# Visual Studio Version 17
VisualStudioVersion = 17.6.33801.468
MinimumVisualStudioVersion = 10.0.40219.1
Project("{FAE04EC0-301F-11D3-BF4B-00C04F79EFBC}") = "Carusel_1Bot", "Carusel_1Bot.csproj", "{C98EBA3E-7EDC-4C56-A7D8-837B1E5D96D6}"
EndProject
Global
	GlobalSection(SolutionConfigurationPlatforms) = preSolution
		Debug|Any CPU = Debug|Any CPU
		Release|Any CPU = Release|Any CPU
	EndGlobalSection
	GlobalSection(ProjectConfigurationPlatforms) = postSolution
		{C98EBA3E-7EDC-4C56-A7D8-837B1E5D96D6}.Debug|Any CPU.ActiveCfg = Debug|Any CPU
		{C98EBA3E-7EDC-4C56-A7D8-837B1E5D96D6}.Debug|Any CPU.Build.0 = Debug|Any CPU
		{C98EBA3E-7EDC-4C56-A7D8-837B1E5D96D6}.Release|Any CPU.ActiveCfg = Release|Any CPU
		{C98EBA3E-7EDC-4C56-A7D8-837B1E5D96D6}.Release|Any CPU.Build.0 = Release|Any CPU
	EndGlobalSection
	GlobalSection(SolutionProperties) = preSolution
		HideSolutionNode = FALSE
	EndGlobalSection
	GlobalSection(ExtensibilityGlobals) = postSolution
		SolutionGuid = {7330F504-F06C-4AC6-8598-05CE5F252003}
	EndGlobalSection
EndGlobal
